
Microsoft Visual Studio Solution File, Format Version 12.00
# Visual Studio Version 17
VisualStudioVersion = 17.2.32516.85
MinimumVisualStudioVersion = 10.0.40219.1
Project("{E24C65DC-7377-472B-9ABA-BC803B73C61A}") = "TravelAgency", ".", "{10A8D257-C8FC-4D33-8086-FC641127ACD4}"
	ProjectSection(WebsiteProperties) = preProject
		TargetFrameworkMoniker = ".NETFramework,Version%3Dv4.7.2"
		Debug.AspNetCompiler.VirtualPath = "/localhost_52316"
		Debug.AspNetCompiler.PhysicalPath = "..\TravelAgency\"
		Debug.AspNetCompiler.TargetPath = "PrecompiledWeb\localhost_52316\"
		Debug.AspNetCompiler.Updateable = "true"
		Debug.AspNetCompiler.ForceOverwrite = "true"
		Debug.AspNetCompiler.FixedNames = "false"
		Debug.AspNetCompiler.Debug = "True"
		Release.AspNetCompiler.VirtualPath = "/localhost_52316"
		Release.AspNetCompiler.PhysicalPath = "..\TravelAgency\"
		Release.AspNetCompiler.TargetPath = "PrecompiledWeb\localhost_52316\"
		Release.AspNetCompiler.Updateable = "true"
		Release.AspNetCompiler.ForceOverwrite = "true"
		Release.AspNetCompiler.FixedNames = "false"
		Release.AspNetCompiler.Debug = "False"
		VWDPort = "52316"
		SlnRelativePath = "..\TravelAgency\"
		DefaultWebSiteLanguage = "Visual C#"
	EndProjectSection
EndProject
Global
	GlobalSection(SolutionConfigurationPlatforms) = preSolution
		Debug|Any CPU = Debug|Any CPU
	EndGlobalSection
	GlobalSection(ProjectConfigurationPlatforms) = postSolution
		{10A8D257-C8FC-4D33-8086-FC641127ACD4}.Debug|Any CPU.ActiveCfg = Debug|Any CPU
		{10A8D257-C8FC-4D33-8086-FC641127ACD4}.Debug|Any CPU.Build.0 = Debug|Any CPU
	EndGlobalSection
	GlobalSection(SolutionProperties) = preSolution
		HideSolutionNode = FALSE
	EndGlobalSection
	GlobalSection(ExtensibilityGlobals) = postSolution
		SolutionGuid = {48815110-FEE0-4381-BD00-0401CD21CD00}
	EndGlobalSection
EndGlobal
